
Microsoft Visual Studio Solution File, Format Version 12.00
# Visual Studio Version 17
VisualStudioVersion = 17.13.35825.156 d17.13
MinimumVisualStudioVersion = 10.0.40219.1
Project("{FAE04EC0-301F-11D3-BF4B-00C04F79EFBC}") = "PJ_P Installation Management System", "PJ_P Installation Management System\PJ_P Installation Management System.csproj", "{6158CE90-3623-43F7-9439-2786338FFAF3}"
EndProject
Global
	GlobalSection(SolutionConfigurationPlatforms) = preSolution
		Debug|Any CPU = Debug|Any CPU
		Release|Any CPU = Release|Any CPU
	EndGlobalSection
	GlobalSection(ProjectConfigurationPlatforms) = postSolution
		{6158CE90-3623-43F7-9439-2786338FFAF3}.Debug|Any CPU.ActiveCfg = Debug|Any CPU
		{6158CE90-3623-43F7-9439-2786338FFAF3}.Debug|Any CPU.Build.0 = Debug|Any CPU
		{6158CE90-3623-43F7-9439-2786338FFAF3}.Release|Any CPU.ActiveCfg = Release|Any CPU
		{6158CE90-3623-43F7-9439-2786338FFAF3}.Release|Any CPU.Build.0 = Release|Any CPU
	EndGlobalSection
	GlobalSection(SolutionProperties) = preSolution
		HideSolutionNode = FALSE
	EndGlobalSection
	GlobalSection(ExtensibilityGlobals) = postSolution
		SolutionGuid = {46B84C3D-FDE1-4477-ACA3-0C76FCEF9B98}
	EndGlobalSection
EndGlobal
